<Solution>
  <Folder Name="/Solution Items/">
    <File Path=".editorconfig" />
  </Folder>
  <Project Path="../tests/Postprocess.Tests/Postprocess.Tests.csproj" />
  <Project Path="Maui.RevenueCat.Android/Maui.RevenueCat.Android.csproj" />
  <Project Path="Maui.RevenueCat.InAppBilling/Maui.RevenueCat.csproj" />
  <Project Path="Maui.RevenueCat.iOS/Maui.RevenueCat.iOS.csproj" />
</Solution>
